
Microsoft Visual Studio Solution File, Format Version 12.00
# Visual Studio Version 17
VisualStudioVersion = 17.4.33122.133
MinimumVisualStudioVersion = 10.0.40219.1
Project("{FAE04EC0-301F-11D3-BF4B-00C04F79EFBC}") = "LunaticSky2 Login Protector", "LunaticSky2 Login Protector\LunaticSky2 Login Protector.csproj", "{AAE55AE9-713F-4411-BE6B-020F9B1331EA}"
EndProject
Global
	GlobalSection(SolutionConfigurationPlatforms) = preSolution
		Debug|Any CPU = Debug|Any CPU
		Release|Any CPU = Release|Any CPU
	EndGlobalSection
	GlobalSection(ProjectConfigurationPlatforms) = postSolution
		{AAE55AE9-713F-4411-BE6B-020F9B1331EA}.Debug|Any CPU.ActiveCfg = Debug|Any CPU
		{AAE55AE9-713F-4411-BE6B-020F9B1331EA}.Debug|Any CPU.Build.0 = Debug|Any CPU
		{AAE55AE9-713F-4411-BE6B-020F9B1331EA}.Release|Any CPU.ActiveCfg = Release|Any CPU
		{AAE55AE9-713F-4411-BE6B-020F9B1331EA}.Release|Any CPU.Build.0 = Release|Any CPU
	EndGlobalSection
	GlobalSection(SolutionProperties) = preSolution
		HideSolutionNode = FALSE
	EndGlobalSection
	GlobalSection(ExtensibilityGlobals) = postSolution
		SolutionGuid = {F946E347-EFD6-44E0-8C0B-6AA989FC5AE0}
	EndGlobalSection
EndGlobal
